
Microsoft Visual Studio Solution File, Format Version 11.00
# Visual Studio 2010
Project("{FAE04EC0-301F-11D3-BF4B-00C04F79EFBC}") = "WindowsGame3", "WindowsGame3\WindowsGame3\WindowsGame3.csproj", "{C259668B-18A8-4CBF-A5CB-EDD473ED7D95}"
EndProject
Project("{FAE04EC0-301F-11D3-BF4B-00C04F79EFBC}") = "WindowsGame3Content", "WindowsGame3\WindowsGame3Content\WindowsGame3Content.contentproj", "{B8DAFC30-FBA9-429F-B25E-DD1D432AF8C1}"
EndProject
Project("{2150E333-8FDC-42A3-9474-1A3956D46DE8}") = "Solution Items", "Solution Items", "{907FBB47-81D6-46EB-A64D-E1E6608731A8}"
EndProject
Project("{FAE04EC0-301F-11D3-BF4B-00C04F79EFBC}") = "AI", "..\..\..\..\Desktop\Tank\A3d\AI.csproj", "{C72DAEC8-DEBF-460A-A069-432651E47DCF}"
EndProject
Global
	GlobalSection(SolutionConfigurationPlatforms) = preSolution
		Debug|Any CPU = Debug|Any CPU
		Debug|Mixed Platforms = Debug|Mixed Platforms
		Debug|x86 = Debug|x86
		Release|Any CPU = Release|Any CPU
		Release|Mixed Platforms = Release|Mixed Platforms
		Release|x86 = Release|x86
	EndGlobalSection
	GlobalSection(ProjectConfigurationPlatforms) = postSolution
		{C259668B-18A8-4CBF-A5CB-EDD473ED7D95}.Debug|Any CPU.ActiveCfg = Debug|x86
		{C259668B-18A8-4CBF-A5CB-EDD473ED7D95}.Debug|Mixed Platforms.ActiveCfg = Debug|x86
		{C259668B-18A8-4CBF-A5CB-EDD473ED7D95}.Debug|Mixed Platforms.Build.0 = Debug|x86
		{C259668B-18A8-4CBF-A5CB-EDD473ED7D95}.Debug|x86.ActiveCfg = Debug|x86
		{C259668B-18A8-4CBF-A5CB-EDD473ED7D95}.Debug|x86.Build.0 = Debug|x86
		{C259668B-18A8-4CBF-A5CB-EDD473ED7D95}.Release|Any CPU.ActiveCfg = Release|x86
		{C259668B-18A8-4CBF-A5CB-EDD473ED7D95}.Release|Mixed Platforms.ActiveCfg = Release|x86
		{C259668B-18A8-4CBF-A5CB-EDD473ED7D95}.Release|Mixed Platforms.Build.0 = Release|x86
		{C259668B-18A8-4CBF-A5CB-EDD473ED7D95}.Release|x86.ActiveCfg = Release|x86
		{C259668B-18A8-4CBF-A5CB-EDD473ED7D95}.Release|x86.Build.0 = Release|x86
		{B8DAFC30-FBA9-429F-B25E-DD1D432AF8C1}.Debug|Any CPU.ActiveCfg = Debug|x86
		{B8DAFC30-FBA9-429F-B25E-DD1D432AF8C1}.Debug|Mixed Platforms.ActiveCfg = Debug|x86
		{B8DAFC30-FBA9-429F-B25E-DD1D432AF8C1}.Debug|x86.ActiveCfg = Debug|x86
		{B8DAFC30-FBA9-429F-B25E-DD1D432AF8C1}.Release|Any CPU.ActiveCfg = Release|x86
		{B8DAFC30-FBA9-429F-B25E-DD1D432AF8C1}.Release|Mixed Platforms.ActiveCfg = Release|x86
		{B8DAFC30-FBA9-429F-B25E-DD1D432AF8C1}.Release|x86.ActiveCfg = Release|x86
		{C72DAEC8-DEBF-460A-A069-432651E47DCF}.Debug|Any CPU.ActiveCfg = Debug|Any CPU
		{C72DAEC8-DEBF-460A-A069-432651E47DCF}.Debug|Any CPU.Build.0 = Debug|Any CPU
		{C72DAEC8-DEBF-460A-A069-432651E47DCF}.Debug|Mixed Platforms.ActiveCfg = Debug|Any CPU
		{C72DAEC8-DEBF-460A-A069-432651E47DCF}.Debug|Mixed Platforms.Build.0 = Debug|Any CPU
		{C72DAEC8-DEBF-460A-A069-432651E47DCF}.Debug|x86.ActiveCfg = Debug|Any CPU
		{C72DAEC8-DEBF-460A-A069-432651E47DCF}.Release|Any CPU.ActiveCfg = Release|Any CPU
		{C72DAEC8-DEBF-460A-A069-432651E47DCF}.Release|Any CPU.Build.0 = Release|Any CPU
		{C72DAEC8-DEBF-460A-A069-432651E47DCF}.Release|Mixed Platforms.ActiveCfg = Release|Any CPU
		{C72DAEC8-DEBF-460A-A069-432651E47DCF}.Release|Mixed Platforms.Build.0 = Release|Any CPU
		{C72DAEC8-DEBF-460A-A069-432651E47DCF}.Release|x86.ActiveCfg = Release|Any CPU
	EndGlobalSection
	GlobalSection(SolutionProperties) = preSolution
		HideSolutionNode = FALSE
	EndGlobalSection
EndGlobal
